// !$*UTF8*$!
{
	archiveVersion = 1;
	classes = {
	};
	objectVersion = 46;
	objects = {

/* Begin PBXBuildFile section */
		5F19BD781F8C834E004415AD /* AppDelegate.swift in Sources */ = {isa = PBXBuildFile; fileRef = 5F19BD771F8C834E004415AD /* AppDelegate.swift */; };
		5F19BD7F1F8C834E004415AD /* Main.storyboard in Resources */ = {isa = PBXBuildFile; fileRef = 5F19BD7D1F8C834E004415AD /* Main.storyboard */; };
		5F19BD811F8C834E004415AD /* Assets.xcassets in Resources */ = {isa = PBXBuildFile; fileRef = 5F19BD801F8C834E004415AD /* Assets.xcassets */; };
		5F19BD841F8C834E004415AD /* LaunchScreen.storyboard in Resources */ = {isa = PBXBuildFile; fileRef = 5F19BD821F8C834E004415AD /* LaunchScreen.storyboard */; };
		5F2CBEDD1FCF65BD00268937 /* Expense.swift in Sources */ = {isa = PBXBuildFile; fileRef = 5F2CBEDB1FCF65BD00268937 /* Expense.swift */; };
		5F2CBEDE1FCF65BD00268937 /* LICENSE.txt in Resources */ = {isa = PBXBuildFile; fileRef = 5F2CBEDC1FCF65BD00268937 /* LICENSE.txt */; };
		5F2CBEE01FCF65F500268937 /* awsconfiguration.json in Resources */ = {isa = PBXBuildFile; fileRef = 5F2CBEDF1FCF65F500268937 /* awsconfiguration.json */; };
		5FAE24531FB3CB1700CA34AF /* AddExpenseViewController.swift in Sources */ = {isa = PBXBuildFile; fileRef = 5FAE24521FB3CB1700CA34AF /* AddExpenseViewController.swift */; };
		5FAE24551FB3D19D00CA34AF /* ExpensesTableViewController.swift in Sources */ = {isa = PBXBuildFile; fileRef = 5FAE24541FB3D19D00CA34AF /* ExpensesTableViewController.swift */; };
		A1FF1FD17E10E1FE8C7D2BA7 /* Pods_TrippitySplit.framework in Frameworks */ = {isa = PBXBuildFile; fileRef = 393F711D83F4BA3E36A0CF8D /* Pods_TrippitySplit.framework */; };
/* End PBXBuildFile section */

/* Begin PBXFileReference section */
		393F711D83F4BA3E36A0CF8D /* Pods_TrippitySplit.framework */ = {isa = PBXFileReference; explicitFileType = wrapper.framework; includeInIndex = 0; path = Pods_TrippitySplit.framework; sourceTree = BUILT_PRODUCTS_DIR; };
		5253F162520F72022F9694CA /* Pods-TrippitySplit.release.xcconfig */ = {isa = PBXFileReference; includeInIndex = 1; lastKnownFileType = text.xcconfig; name = "Pods-TrippitySplit.release.xcconfig"; path = "Pods/Target Support Files/Pods-TrippitySplit/Pods-TrippitySplit.release.xcconfig"; sourceTree = "<group>"; };
		5F19BD741F8C834E004415AD /* TrippitySplit.app */ = {isa = PBXFileReference; explicitFileType = wrapper.application; includeInIndex = 0; path = TrippitySplit.app; sourceTree = BUILT_PRODUCTS_DIR; };
		5F19BD771F8C834E004415AD /* AppDelegate.swift */ = {isa = PBXFileReference; lastKnownFileType = sourcecode.swift; path = AppDelegate.swift; sourceTree = "<group>"; };
		5F19BD7E1F8C834E004415AD /* Base */ = {isa = PBXFileReference; lastKnownFileType = file.storyboard; name = Base; path = Base.lproj/Main.storyboard; sourceTree = "<group>"; };
		5F19BD801F8C834E004415AD /* Assets.xcassets */ = {isa = PBXFileReference; lastKnownFileType = folder.assetcatalog; path = Assets.xcassets; sourceTree = "<group>"; };
		5F19BD831F8C834E004415AD /* Base */ = {isa = PBXFileReference; lastKnownFileType = file.storyboard; name = Base; path = Base.lproj/LaunchScreen.storyboard; sourceTree = "<group>"; };
		5F19BD851F8C834E004415AD /* Info.plist */ = {isa = PBXFileReference; lastKnownFileType = text.plist.xml; path = Info.plist; sourceTree = "<group>"; };
		5F2CBEDB1FCF65BD00268937 /* Expense.swift */ = {isa = PBXFileReference; fileEncoding = 4; lastKnownFileType = sourcecode.swift; path = Expense.swift; sourceTree = "<group>"; };
		5F2CBEDC1FCF65BD00268937 /* LICENSE.txt */ = {isa = PBXFileReference; fileEncoding = 4; lastKnownFileType = text; path = LICENSE.txt; sourceTree = "<group>"; };
		5F2CBEDF1FCF65F500268937 /* awsconfiguration.json */ = {isa = PBXFileReference; fileEncoding = 4; lastKnownFileType = text.json; path = awsconfiguration.json; sourceTree = "<group>"; };
		5FAE24521FB3CB1700CA34AF /* AddExpenseViewController.swift */ = {isa = PBXFileReference; fileEncoding = 4; lastKnownFileType = sourcecode.swift; name = AddExpenseViewController.swift; path = ../AddExpenseViewController.swift; sourceTree = "<group>"; };
		5FAE24541FB3D19D00CA34AF /* ExpensesTableViewController.swift */ = {isa = PBXFileReference; fileEncoding = 4; lastKnownFileType = sourcecode.swift; path = ExpensesTableViewController.swift; sourceTree = "<group>"; };
		B19603D8938EA7A66C4E1D0C /* Pods-TrippitySplit.debug.xcconfig */ = {isa = PBXFileReference; includeInIndex = 1; lastKnownFileType = text.xcconfig; name = "Pods-TrippitySplit.debug.xcconfig"; path = "Pods/Target Support Files/Pods-TrippitySplit/Pods-TrippitySplit.debug.xcconfig"; sourceTree = "<group>"; };
/* End PBXFileReference section */

/* Begin PBXFrameworksBuildPhase section */
		5F19BD711F8C834E004415AD /* Frameworks */ = {
			isa = PBXFrameworksBuildPhase;
			buildActionMask = 2147483647;
			files = (
				A1FF1FD17E10E1FE8C7D2BA7 /* Pods_TrippitySplit.framework in Frameworks */,
			);
			runOnlyForDeploymentPostprocessing = 0;
		};
/* End PBXFrameworksBuildPhase section */

/* Begin PBXGroup section */
		1F9BFAF84D3BFEA2D095E701 /* Pods */ = {
			isa = PBXGroup;
			children = (
				B19603D8938EA7A66C4E1D0C /* Pods-TrippitySplit.debug.xcconfig */,
				5253F162520F72022F9694CA /* Pods-TrippitySplit.release.xcconfig */,
			);
			name = Pods;
			sourceTree = "<group>";
		};
		5F19BD6B1F8C834E004415AD = {
			isa = PBXGroup;
			children = (
				5F19BD761F8C834E004415AD /* TrippitySplit */,
				5F19BD751F8C834E004415AD /* Products */,
				1F9BFAF84D3BFEA2D095E701 /* Pods */,
				E1BCA3B08423A0CD70EF7F31 /* Frameworks */,
			);
			sourceTree = "<group>";
		};
		5F19BD751F8C834E004415AD /* Products */ = {
			isa = PBXGroup;
			children = (
				5F19BD741F8C834E004415AD /* TrippitySplit.app */,
			);
			name = Products;
			sourceTree = "<group>";
		};
		5F19BD761F8C834E004415AD /* TrippitySplit */ = {
			isa = PBXGroup;
			children = (
				5F2CBEDF1FCF65F500268937 /* awsconfiguration.json */,
				5F2CBED71FCF65BD00268937 /* TrippitySplit-integration-lib-aws-my-sample-app-ios-swift (1) */,
				5F19BD771F8C834E004415AD /* AppDelegate.swift */,
				5F19BD7D1F8C834E004415AD /* Main.storyboard */,
				5FAE24521FB3CB1700CA34AF /* AddExpenseViewController.swift */,
				5F19BD801F8C834E004415AD /* Assets.xcassets */,
				5F19BD821F8C834E004415AD /* LaunchScreen.storyboard */,
				5F19BD851F8C834E004415AD /* Info.plist */,
				5FAE24541FB3D19D00CA34AF /* ExpensesTableViewController.swift */,
			);
			path = TrippitySplit;
			sourceTree = "<group>";
		};
		5F2CBED71FCF65BD00268937 /* TrippitySplit-integration-lib-aws-my-sample-app-ios-swift (1) */ = {
			isa = PBXGroup;
			children = (
				5F2CBED81FCF65BD00268937 /* AmazonAws */,
				5F2CBEDC1FCF65BD00268937 /* LICENSE.txt */,
			);
			path = "TrippitySplit-integration-lib-aws-my-sample-app-ios-swift (1)";
			sourceTree = "<group>";
		};
		5F2CBED81FCF65BD00268937 /* AmazonAws */ = {
			isa = PBXGroup;
			children = (
				5F2CBED91FCF65BD00268937 /* Models */,
			);
			path = AmazonAws;
			sourceTree = "<group>";
		};
		5F2CBED91FCF65BD00268937 /* Models */ = {
			isa = PBXGroup;
			children = (
				5F2CBEDA1FCF65BD00268937 /* NoSQL */,
			);
			path = Models;
			sourceTree = "<group>";
		};
		5F2CBEDA1FCF65BD00268937 /* NoSQL */ = {
			isa = PBXGroup;
			children = (
				5F2CBEDB1FCF65BD00268937 /* Expense.swift */,
			);
			path = NoSQL;
			sourceTree = "<group>";
		};
		E1BCA3B08423A0CD70EF7F31 /* Frameworks */ = {
			isa = PBXGroup;
			children = (
				393F711D83F4BA3E36A0CF8D /* Pods_TrippitySplit.framework */,
			);
			name = Frameworks;
			sourceTree = "<group>";
		};
/* End PBXGroup section */

/* Begin PBXNativeTarget section */
		5F19BD731F8C834E004415AD /* TrippitySplit */ = {
			isa = PBXNativeTarget;
			buildConfigurationList = 5F19BD881F8C834E004415AD /* Build configuration list for PBXNativeTarget "TrippitySplit" */;
			buildPhases = (
				880764B7FD0D56717E41B8B1 /* [CP] Check Pods Manifest.lock */,
				5F19BD701F8C834E004415AD /* Sources */,
				5F19BD711F8C834E004415AD /* Frameworks */,
				5F19BD721F8C834E004415AD /* Resources */,
				C6849140D0D8778D256DD430 /* [CP] Embed Pods Frameworks */,
				50E4783F4362CF044421DD89 /* [CP] Copy Pods Resources */,
			);
			buildRules = (
			);
			dependencies = (
			);
			name = TrippitySplit;
			productName = TrippitySplit;
			productReference = 5F19BD741F8C834E004415AD /* TrippitySplit.app */;
			productType = "com.apple.product-type.application";
		};
/* End PBXNativeTarget section */

/* Begin PBXProject section */
		5F19BD6C1F8C834E004415AD /* Project object */ = {
			isa = PBXProject;
			attributes = {
				LastSwiftUpdateCheck = 0820;
				LastUpgradeCheck = 0820;
				ORGANIZATIONNAME = graciefulgirl;
				TargetAttributes = {
					5F19BD731F8C834E004415AD = {
						CreatedOnToolsVersion = 8.2;
						ProvisioningStyle = Automatic;
					};
				};
			};
			buildConfigurationList = 5F19BD6F1F8C834E004415AD /* Build configuration list for PBXProject "TrippitySplit" */;
			compatibilityVersion = "Xcode 3.2";
			developmentRegion = English;
			hasScannedForEncodings = 0;
			knownRegions = (
				en,
				Base,
			);
			mainGroup = 5F19BD6B1F8C834E004415AD;
			productRefGroup = 5F19BD751F8C834E004415AD /* Products */;
			projectDirPath = "";
			projectRoot = "";
			targets = (
				5F19BD731F8C834E004415AD /* TrippitySplit */,
			);
		};
/* End PBXProject section */

/* Begin PBXResourcesBuildPhase section */
		5F19BD721F8C834E004415AD /* Resources */ = {
			isa = PBXResourcesBuildPhase;
			buildActionMask = 2147483647;
			files = (
				5F2CBEE01FCF65F500268937 /* awsconfiguration.json in Resources */,
				5F2CBEDE1FCF65BD00268937 /* LICENSE.txt in Resources */,
				5F19BD841F8C834E004415AD /* LaunchScreen.storyboard in Resources */,
				5F19BD811F8C834E004415AD /* Assets.xcassets in Resources */,
				5F19BD7F1F8C834E004415AD /* Main.storyboard in Resources */,
			);
			runOnlyForDeploymentPostprocessing = 0;
		};
/* End PBXResourcesBuildPhase section */

/* Begin PBXShellScriptBuildPhase section */
		50E4783F4362CF044421DD89 /* [CP] Copy Pods Resources */ = {
			isa = PBXShellScriptBuildPhase;
			buildActionMask = 2147483647;
			files = (
			);
			inputPaths = (
			);
			name = "[CP] Copy Pods Resources";
			outputPaths = (
			);
			runOnlyForDeploymentPostprocessing = 0;
			shellPath = /bin/sh;
			shellScript = "\"${SRCROOT}/Pods/Target Support Files/Pods-TrippitySplit/Pods-TrippitySplit-resources.sh\"\n";
			showEnvVarsInLog = 0;
		};
		880764B7FD0D56717E41B8B1 /* [CP] Check Pods Manifest.lock */ = {
			isa = PBXShellScriptBuildPhase;
			buildActionMask = 2147483647;
			files = (
			);
			inputPaths = (
				"${PODS_PODFILE_DIR_PATH}/Podfile.lock",
				"${PODS_ROOT}/Manifest.lock",
			);
			name = "[CP] Check Pods Manifest.lock";
			outputPaths = (
				"$(DERIVED_FILE_DIR)/Pods-TrippitySplit-checkManifestLockResult.txt",
			);
			runOnlyForDeploymentPostprocessing = 0;
			shellPath = /bin/sh;
			shellScript = "diff \"${PODS_PODFILE_DIR_PATH}/Podfile.lock\" \"${PODS_ROOT}/Manifest.lock\" > /dev/null\nif [ $? != 0 ] ; then\n    # print error to STDERR\n    echo \"error: The sandbox is not in sync with the Podfile.lock. Run 'pod install' or update your CocoaPods installation.\" >&2\n    exit 1\nfi\n# This output is used by Xcode 'outputs' to avoid re-running this script phase.\necho \"SUCCESS\" > \"${SCRIPT_OUTPUT_FILE_0}\"\n";
			showEnvVarsInLog = 0;
		};
		C6849140D0D8778D256DD430 /* [CP] Embed Pods Frameworks */ = {
			isa = PBXShellScriptBuildPhase;
			buildActionMask = 2147483647;
			files = (
			);
			inputPaths = (
				"${SRCROOT}/Pods/Target Support Files/Pods-TrippitySplit/Pods-TrippitySplit-frameworks.sh",
				"${BUILT_PRODUCTS_DIR}/AWSAuthCore/AWSAuthCore.framework",
				"${BUILT_PRODUCTS_DIR}/AWSCore/AWSCore.framework",
				"${BUILT_PRODUCTS_DIR}/AWSDynamoDB/AWSDynamoDB.framework",
				"${BUILT_PRODUCTS_DIR}/AWSMobileClient/AWSMobileClient.framework",
			);
			name = "[CP] Embed Pods Frameworks";
			outputPaths = (
				"${TARGET_BUILD_DIR}/${FRAMEWORKS_FOLDER_PATH}/AWSAuthCore.framework",
				"${TARGET_BUILD_DIR}/${FRAMEWORKS_FOLDER_PATH}/AWSCore.framework",
				"${TARGET_BUILD_DIR}/${FRAMEWORKS_FOLDER_PATH}/AWSDynamoDB.framework",
				"${TARGET_BUILD_DIR}/${FRAMEWORKS_FOLDER_PATH}/AWSMobileClient.framework",
			);
			runOnlyForDeploymentPostprocessing = 0;
			shellPath = /bin/sh;
			shellScript = "\"${SRCROOT}/Pods/Target Support Files/Pods-TrippitySplit/Pods-TrippitySplit-frameworks.sh\"\n";
			showEnvVarsInLog = 0;
		};
/* End PBXShellScriptBuildPhase section */

/* Begin PBXSourcesBuildPhase section */
		5F19BD701F8C834E004415AD /* Sources */ = {
			isa = PBXSourcesBuildPhase;
			buildActionMask = 2147483647;
			files = (
				5F19BD781F8C834E004415AD /* AppDelegate.swift in Sources */,
				5FAE24531FB3CB1700CA34AF /* AddExpenseViewController.swift in Sources */,
				5FAE24551FB3D19D00CA34AF /* ExpensesTableViewController.swift in Sources */,
				5F2CBEDD1FCF65BD00268937 /* Expense.swift in Sources */,
			);
			runOnlyForDeploymentPostprocessing = 0;
		};
/* End PBXSourcesBuildPhase section */

/* Begin PBXVariantGroup section */
		5F19BD7D1F8C834E004415AD /* Main.storyboard */ = {
			isa = PBXVariantGroup;
			children = (
				5F19BD7E1F8C834E004415AD /* Base */,
			);
			name = Main.storyboard;
			sourceTree = "<group>";
		};
		5F19BD821F8C834E004415AD /* LaunchScreen.storyboard */ = {
			isa = PBXVariantGroup;
			children = (
				5F19BD831F8C834E004415AD /* Base */,
			);
			name = LaunchScreen.storyboard;
			sourceTree = "<group>";
		};
/* End PBXVariantGroup section */

/* Begin XCBuildConfiguration section */
		5F19BD861F8C834E004415AD /* Debug */ = {
			isa = XCBuildConfiguration;
			buildSettings = {
				ALWAYS_SEARCH_USER_PATHS = NO;
				CLANG_ANALYZER_NONNULL = YES;
				CLANG_CXX_LANGUAGE_STANDARD = "gnu++0x";
				CLANG_CXX_LIBRARY = "libc++";
				CLANG_ENABLE_MODULES = YES;
				CLANG_ENABLE_OBJC_ARC = YES;
				CLANG_WARN_BOOL_CONVERSION = YES;
				CLANG_WARN_CONSTANT_CONVERSION = YES;
				CLANG_WARN_DIRECT_OBJC_ISA_USAGE = YES_ERROR;
				CLANG_WARN_DOCUMENTATION_COMMENTS = YES;
				CLANG_WARN_EMPTY_BODY = YES;
				CLANG_WARN_ENUM_CONVERSION = YES;
				CLANG_WARN_INFINITE_RECURSION = YES;
				CLANG_WARN_INT_CONVERSION = YES;
				CLANG_WARN_OBJC_ROOT_CLASS = YES_ERROR;
				CLANG_WARN_SUSPICIOUS_MOVE = YES;
				CLANG_WARN_UNREACHABLE_CODE = YES;
				CLANG_WARN__DUPLICATE_METHOD_MATCH = YES;
				"CODE_SIGN_IDENTITY[sdk=iphoneos*]" = "iPhone Developer";
				COPY_PHASE_STRIP = NO;
				DEBUG_INFORMATION_FORMAT = dwarf;
				ENABLE_STRICT_OBJC_MSGSEND = YES;
				ENABLE_TESTABILITY = YES;
				GCC_C_LANGUAGE_STANDARD = gnu99;
				GCC_DYNAMIC_NO_PIC = NO;
				GCC_NO_COMMON_BLOCKS = YES;
				GCC_OPTIMIZATION_LEVEL = 0;
				GCC_PREPROCESSOR_DEFINITIONS = (
					"DEBUG=1",
					"$(inherited)",
				);
				GCC_WARN_64_TO_32_BIT_CONVERSION = YES;
				GCC_WARN_ABOUT_RETURN_TYPE = YES_ERROR;
				GCC_WARN_UNDECLARED_SELECTOR = YES;
				GCC_WARN_UNINITIALIZED_AUTOS = YES_AGGRESSIVE;
				GCC_WARN_UNUSED_FUNCTION = YES;
				GCC_WARN_UNUSED_VARIABLE = YES;
				IPHONEOS_DEPLOYMENT_TARGET = 10.2;
				MTL_ENABLE_DEBUG_INFO = YES;
				ONLY_ACTIVE_ARCH = YES;
				SDKROOT = iphoneos;
				SWIFT_ACTIVE_COMPILATION_CONDITIONS = DEBUG;
				SWIFT_OPTIMIZATION_LEVEL = "-Onone";
				TARGETED_DEVICE_FAMILY = "1,2";
			};
			name = Debug;
		};
		5F19BD871F8C834E004415AD /* Release */ = {
			isa = XCBuildConfiguration;
			buildSettings = {
				ALWAYS_SEARCH_USER_PATHS = NO;
				CLANG_ANALYZER_NONNULL = YES;
				CLANG_CXX_LANGUAGE_STANDARD = "gnu++0x";
				CLANG_CXX_LIBRARY = "libc++";
				CLANG_ENABLE_MODULES = YES;
				CLANG_ENABLE_OBJC_ARC = YES;
				CLANG_WARN_BOOL_CONVERSION = YES;
				CLANG_WARN_CONSTANT_CONVERSION = YES;
				CLANG_WARN_DIRECT_OBJC_ISA_USAGE = YES_ERROR;
				CLANG_WARN_DOCUMENTATION_COMMENTS = YES;
				CLANG_WARN_EMPTY_BODY = YES;
				CLANG_WARN_ENUM_CONVERSION = YES;
				CLANG_WARN_INFINITE_RECURSION = YES;
				CLANG_WARN_INT_CONVERSION = YES;
				CLANG_WARN_OBJC_ROOT_CLASS = YES_ERROR;
				CLANG_WARN_SUSPICIOUS_MOVE = YES;
				CLANG_WARN_UNREACHABLE_CODE = YES;
				CLANG_WARN__DUPLICATE_METHOD_MATCH = YES;
				"CODE_SIGN_IDENTITY[sdk=iphoneos*]" = "iPhone Developer";
				COPY_PHASE_STRIP = NO;
				DEBUG_INFORMATION_FORMAT = "dwarf-with-dsym";
				ENABLE_NS_ASSERTIONS = NO;
				ENABLE_STRICT_OBJC_MSGSEND = YES;
				GCC_C_LANGUAGE_STANDARD = gnu99;
				GCC_NO_COMMON_BLOCKS = YES;
				GCC_WARN_64_TO_32_BIT_CONVERSION = YES;
				GCC_WARN_ABOUT_RETURN_TYPE = YES_ERROR;
				GCC_WARN_UNDECLARED_SELECTOR = YES;
				GCC_WARN_UNINITIALIZED_AUTOS = YES_AGGRESSIVE;
				GCC_WARN_UNUSED_FUNCTION = YES;
				GCC_WARN_UNUSED_VARIABLE = YES;
				IPHONEOS_DEPLOYMENT_TARGET = 10.2;
				MTL_ENABLE_DEBUG_INFO = NO;
				SDKROOT = iphoneos;
				SWIFT_OPTIMIZATION_LEVEL = "-Owholemodule";
				TARGETED_DEVICE_FAMILY = "1,2";
				VALIDATE_PRODUCT = YES;
			};
			name = Release;
		};
		5F19BD891F8C834E004415AD /* Debug */ = {
			isa = XCBuildConfiguration;
			baseConfigurationReference = B19603D8938EA7A66C4E1D0C /* Pods-TrippitySplit.debug.xcconfig */;
			buildSettings = {
				ASSETCATALOG_COMPILER_APPICON_NAME = AppIcon;
				INFOPLIST_FILE = TrippitySplit/Info.plist;
				LD_RUNPATH_SEARCH_PATHS = "$(inherited) @executable_path/Frameworks";
				PRODUCT_BUNDLE_IDENTIFIER = graciefulgirl.TrippitySplit;
				PRODUCT_NAME = "$(TARGET_NAME)";
				SWIFT_VERSION = 3.0;
			};
			name = Debug;
		};
		5F19BD8A1F8C834E004415AD /* Release */ = {
			isa = XCBuildConfiguration;
			baseConfigurationReference = 5253F162520F72022F9694CA /* Pods-TrippitySplit.release.xcconfig */;
			buildSettings = {
				ASSETCATALOG_COMPILER_APPICON_NAME = AppIcon;
				INFOPLIST_FILE = TrippitySplit/Info.plist;
				LD_RUNPATH_SEARCH_PATHS = "$(inherited) @executable_path/Frameworks";
				PRODUCT_BUNDLE_IDENTIFIER = graciefulgirl.TrippitySplit;
				PRODUCT_NAME = "$(TARGET_NAME)";
				SWIFT_VERSION = 3.0;
			};
			name = Release;
		};
/* End XCBuildConfiguration section */

/* Begin XCConfigurationList section */
		5F19BD6F1F8C834E004415AD /* Build configuration list for PBXProject "TrippitySplit" */ = {
			isa = XCConfigurationList;
			buildConfigurations = (
				5F19BD861F8C834E004415AD /* Debug */,
				5F19BD871F8C834E004415AD /* Release */,
			);
			defaultConfigurationIsVisible = 0;
			defaultConfigurationName = Release;
		};
		5F19BD881F8C834E004415AD /* Build configuration list for PBXNativeTarget "TrippitySplit" */ = {
			isa = XCConfigurationList;
			buildConfigurations = (
				5F19BD891F8C834E004415AD /* Debug */,
				5F19BD8A1F8C834E004415AD /* Release */,
			);
			defaultConfigurationIsVisible = 0;
			defaultConfigurationName = Release;
		};
/* End XCConfigurationList section */
	};
	rootObject = 5F19BD6C1F8C834E004415AD /* Project object */;
}
